
Microsoft Visual Studio Solution File, Format Version 12.00
# Visual Studio Version 16
VisualStudioVersion = 16.0.34301.259
MinimumVisualStudioVersion = 10.0.40219.1
Project("{8BC9CEB8-8B4A-11D0-8D11-00A0C91BC942}") = "Day1", "Day1\Day1.vcxproj", "{DCEDF7F7-B5A7-424D-B656-6C36371C1B1A}"
EndProject
Global
	GlobalSection(SolutionConfigurationPlatforms) = preSolution
		Debug|x64 = Debug|x64
		Debug|x86 = Debug|x86
		Release|x64 = Release|x64
		Release|x86 = Release|x86
	EndGlobalSection
	GlobalSection(ProjectConfigurationPlatforms) = postSolution
		{DCEDF7F7-B5A7-424D-B656-6C36371C1B1A}.Debug|x64.ActiveCfg = Debug|x64
		{DCEDF7F7-B5A7-424D-B656-6C36371C1B1A}.Debug|x64.Build.0 = Debug|x64
		{DCEDF7F7-B5A7-424D-B656-6C36371C1B1A}.Debug|x86.ActiveCfg = Debug|Win32
		{DCEDF7F7-B5A7-424D-B656-6C36371C1B1A}.Debug|x86.Build.0 = Debug|Win32
		{DCEDF7F7-B5A7-424D-B656-6C36371C1B1A}.Release|x64.ActiveCfg = Release|x64
		{DCEDF7F7-B5A7-424D-B656-6C36371C1B1A}.Release|x64.Build.0 = Release|x64
		{DCEDF7F7-B5A7-424D-B656-6C36371C1B1A}.Release|x86.ActiveCfg = Release|Win32
		{DCEDF7F7-B5A7-424D-B656-6C36371C1B1A}.Release|x86.Build.0 = Release|Win32
	EndGlobalSection
	GlobalSection(SolutionProperties) = preSolution
		HideSolutionNode = FALSE
	EndGlobalSection
	GlobalSection(ExtensibilityGlobals) = postSolution
		SolutionGuid = {B2F85A10-109D-4562-B3E2-4B9B9308025B}
	EndGlobalSection
EndGlobal
