
Microsoft Visual Studio Solution File, Format Version 12.00
# Visual Studio Version 16
VisualStudioVersion = 16.0.34301.259
MinimumVisualStudioVersion = 10.0.40219.1
Project("{8BC9CEB8-8B4A-11D0-8D11-00A0C91BC942}") = "Day7", "Day7\Day7.vcxproj", "{0F926A98-FB14-4C90-9DCC-E7B38913C179}"
EndProject
Global
	GlobalSection(SolutionConfigurationPlatforms) = preSolution
		Debug|x64 = Debug|x64
		Debug|x86 = Debug|x86
		Release|x64 = Release|x64
		Release|x86 = Release|x86
	EndGlobalSection
	GlobalSection(ProjectConfigurationPlatforms) = postSolution
		{0F926A98-FB14-4C90-9DCC-E7B38913C179}.Debug|x64.ActiveCfg = Debug|x64
		{0F926A98-FB14-4C90-9DCC-E7B38913C179}.Debug|x64.Build.0 = Debug|x64
		{0F926A98-FB14-4C90-9DCC-E7B38913C179}.Debug|x86.ActiveCfg = Debug|Win32
		{0F926A98-FB14-4C90-9DCC-E7B38913C179}.Debug|x86.Build.0 = Debug|Win32
		{0F926A98-FB14-4C90-9DCC-E7B38913C179}.Release|x64.ActiveCfg = Release|x64
		{0F926A98-FB14-4C90-9DCC-E7B38913C179}.Release|x64.Build.0 = Release|x64
		{0F926A98-FB14-4C90-9DCC-E7B38913C179}.Release|x86.ActiveCfg = Release|Win32
		{0F926A98-FB14-4C90-9DCC-E7B38913C179}.Release|x86.Build.0 = Release|Win32
	EndGlobalSection
	GlobalSection(SolutionProperties) = preSolution
		HideSolutionNode = FALSE
	EndGlobalSection
	GlobalSection(ExtensibilityGlobals) = postSolution
		SolutionGuid = {333F9F07-7C96-44CA-B3DF-54CE03FC85E2}
	EndGlobalSection
EndGlobal
